// !$*UTF8*$!
{
	archiveVersion = 1;
	classes = {
	};
	objectVersion = 77;
	objects = {

/* Begin PBXBuildFile section */
		A1B2C3D4E5F6000000000101 /* KeychainAccess in Frameworks */ = {isa = PBXBuildFile; productRef = A1B2C3D4E5F6000000000201 /* KeychainAccess */; };
		A1B2C3D4E5F6000000000102 /* GRDB in Frameworks */ = {isa = PBXBuildFile; productRef = A1B2C3D4E5F6000000000202 /* GRDB */; };
		A1B2C3D4E5F6000000000103 /* OTAUpdater in Frameworks */ = {isa = PBXBuildFile; productRef = A1B2C3D4E5F6000000000203 /* OTAUpdater */; };
/* End PBXBuildFile section */

/* Begin PBXContainerItemProxy section */
		D537E40F3056C0520052A87C /* PBXContainerItemProxy */ = {
			isa = PBXContainerItemProxy;
			containerPortal = D537E3F03056C0500052A87C /* Project object */;
			proxyType = 1;
			remoteGlobalIDString = D537E3F73056C0500052A87C;
			remoteInfo = VUnder;
		};
		D537E4193056C0520052A87C /* PBXContainerItemProxy */ = {
			isa = PBXContainerItemProxy;
			containerPortal = D537E3F03056C0500052A87C /* Project object */;
			proxyType = 1;
			remoteGlobalIDString = D537E3F73056C0500052A87C;
			remoteInfo = VUnder;
		};
/* End PBXContainerItemProxy section */

/* Begin PBXFileReference section */
		D537E3F83056C0500052A87C /* VUnder.app */ = {isa = PBXFileReference; explicitFileType = wrapper.application; includeInIndex = 0; path = VUnder.app; sourceTree = BUILT_PRODUCTS_DIR; };
		D537E40E3056C0520052A87C /* VUnderTests.xctest */ = {isa = PBXFileReference; explicitFileType = wrapper.cfbundle; includeInIndex = 0; path = VUnderTests.xctest; sourceTree = BUILT_PRODUCTS_DIR; };
		D537E4183056C0520052A87C /* VUnderUITests.xctest */ = {isa = PBXFileReference; explicitFileType = wrapper.cfbundle; includeInIndex = 0; path = VUnderUITests.xctest; sourceTree = BUILT_PRODUCTS_DIR; };
/* End PBXFileReference section */

/* Begin PBXFileSystemSynchronizedBuildFileExceptionSet section */
		D537E4203056C0520052A87C /* Exceptions for "VUnder" folder in "VUnder" target */ = {
			isa = PBXFileSystemSynchronizedBuildFileExceptionSet;
			membershipExceptions = (
				App/Info.plist,
			);
			target = D537E3F73056C0500052A87C /* VUnder */;
		};
/* End PBXFileSystemSynchronizedBuildFileExceptionSet section */

/* Begin PBXFileSystemSynchronizedRootGroup section */
		D537E3FA3056C0500052A87C /* VUnder */ = {
			isa = PBXFileSystemSynchronizedRootGroup;
			exceptions = (
				D537E4203056C0520052A87C /* Exceptions for "VUnder" folder in "VUnder" target */,
			);
			path = VUnder;
			sourceTree = "<group>";
		};
		D537E4113056C0520052A87C /* VUnderTests */ = {
			isa = PBXFileSystemSynchronizedRootGroup;
			path = VUnderTests;
			sourceTree = "<group>";
		};
		D537E41B3056C0520052A87C /* VUnderUITests */ = {
			isa = PBXFileSystemSynchronizedRootGroup;
			path = VUnderUITests;
			sourceTree = "<group>";
		};
/* End PBXFileSystemSynchronizedRootGroup section */

/* Begin PBXFrameworksBuildPhase section */
		D537E3F53056C0500052A87C /* Frameworks */ = {
			isa = PBXFrameworksBuildPhase;
			buildActionMask = 2147483647;
			files = (
				A1B2C3D4E5F6000000000101 /* KeychainAccess in Frameworks */,
				A1B2C3D4E5F6000000000102 /* GRDB in Frameworks */,
				A1B2C3D4E5F6000000000103 /* OTAUpdater in Frameworks */,
			);
			runOnlyForDeploymentPostprocessing = 0;
		};
		D537E40B3056C0520052A87C /* Frameworks */ = {
			isa = PBXFrameworksBuildPhase;
			buildActionMask = 2147483647;
			files = (
			);
			runOnlyForDeploymentPostprocessing = 0;
		};
		D537E4153056C0520052A87C /* Frameworks */ = {
			isa = PBXFrameworksBuildPhase;
			buildActionMask = 2147483647;
			files = (
			);
			runOnlyForDeploymentPostprocessing = 0;
		};
/* End PBXFrameworksBuildPhase section */

/* Begin PBXGroup section */
		D537E3EF3056C0500052A87C = {
			isa = PBXGroup;
			children = (
				D537E3FA3056C0500052A87C /* VUnder */,
				D537E4113056C0520052A87C /* VUnderTests */,
				D537E41B3056C0520052A87C /* VUnderUITests */,
				D537E3F93056C0500052A87C /* Products */,
			);
			sourceTree = "<group>";
		};
		D537E3F93056C0500052A87C /* Products */ = {
			isa = PBXGroup;
			children = (
				D537E3F83056C0500052A87C /* VUnder.app */,
				D537E40E3056C0520052A87C /* VUnderTests.xctest */,
				D537E4183056C0520052A87C /* VUnderUITests.xctest */,
			);
			name = Products;
			sourceTree = "<group>";
		};
/* End PBXGroup section */

/* Begin PBXNativeTarget section */
		D537E3F73056C0500052A87C /* VUnder */ = {
			isa = PBXNativeTarget;
			buildConfigurationList = D537E4213056C0520052A87C /* Build configuration list for PBXNativeTarget "VUnder" */;
			buildPhases = (
				D537E3F43056C0500052A87C /* Sources */,
				D537E3F53056C0500052A87C /* Frameworks */,
				D537E3F63056C0500052A87C /* Resources */,
				A1B2C3D4E5F6000000000401 /* Version from git */,
			);
			buildRules = (
			);
			dependencies = (
			);
			fileSystemSynchronizedGroups = (
				D537E3FA3056C0500052A87C /* VUnder */,
			);
			name = VUnder;
			packageProductDependencies = (
				A1B2C3D4E5F6000000000201 /* KeychainAccess */,
				A1B2C3D4E5F6000000000202 /* GRDB */,
				A1B2C3D4E5F6000000000203 /* OTAUpdater */,
			);
			productName = VUnder;
			productReference = D537E3F83056C0500052A87C /* VUnder.app */;
			productType = "com.apple.product-type.application";
		};
		D537E40D3056C0520052A87C /* VUnderTests */ = {
			isa = PBXNativeTarget;
			buildConfigurationList = D537E4263056C0520052A87C /* Build configuration list for PBXNativeTarget "VUnderTests" */;
			buildPhases = (
				D537E40A3056C0520052A87C /* Sources */,
				D537E40B3056C0520052A87C /* Frameworks */,
				D537E40C3056C0520052A87C /* Resources */,
			);
			buildRules = (
			);
			dependencies = (
				D537E4103056C0520052A87C /* PBXTargetDependency */,
			);
			fileSystemSynchronizedGroups = (
				D537E4113056C0520052A87C /* VUnderTests */,
			);
			name = VUnderTests;
			packageProductDependencies = (
			);
			productName = VUnderTests;
			productReference = D537E40E3056C0520052A87C /* VUnderTests.xctest */;
			productType = "com.apple.product-type.bundle.unit-test";
		};
		D537E4173056C0520052A87C /* VUnderUITests */ = {
			isa = PBXNativeTarget;
			buildConfigurationList = D537E4293056C0520052A87C /* Build configuration list for PBXNativeTarget "VUnderUITests" */;
			buildPhases = (
				D537E4143056C0520052A87C /* Sources */,
				D537E4153056C0520052A87C /* Frameworks */,
				D537E4163056C0520052A87C /* Resources */,
			);
			buildRules = (
			);
			dependencies = (
				D537E41A3056C0520052A87C /* PBXTargetDependency */,
			);
			fileSystemSynchronizedGroups = (
				D537E41B3056C0520052A87C /* VUnderUITests */,
			);
			name = VUnderUITests;
			packageProductDependencies = (
			);
			productName = VUnderUITests;
			productReference = D537E4183056C0520052A87C /* VUnderUITests.xctest */;
			productType = "com.apple.product-type.bundle.ui-testing";
		};
/* End PBXNativeTarget section */

/* Begin PBXProject section */
		D537E3F03056C0500052A87C /* Project object */ = {
			isa = PBXProject;
			attributes = {
				BuildIndependentTargetsInParallel = 1;
				LastSwiftUpdateCheck = 2630;
				LastUpgradeCheck = 2630;
				TargetAttributes = {
					D537E3F73056C0500052A87C = {
						CreatedOnToolsVersion = 26.3;
					};
					D537E40D3056C0520052A87C = {
						CreatedOnToolsVersion = 26.3;
						TestTargetID = D537E3F73056C0500052A87C;
					};
					D537E4173056C0520052A87C = {
						CreatedOnToolsVersion = 26.3;
						TestTargetID = D537E3F73056C0500052A87C;
					};
				};
			};
			buildConfigurationList = D537E3F33056C0500052A87C /* Build configuration list for PBXProject "VUnder" */;
			developmentRegion = en;
			hasScannedForEncodings = 0;
			knownRegions = (
				en,
				Base,
			);
			mainGroup = D537E3EF3056C0500052A87C;
			minimizedProjectReferenceProxies = 1;
			packageReferences = (
				A1B2C3D4E5F6000000000301 /* XCRemoteSwiftPackageReference "KeychainAccess" */,
				A1B2C3D4E5F6000000000302 /* XCRemoteSwiftPackageReference "GRDB.swift" */,
				A1B2C3D4E5F6000000000303 /* XCRemoteSwiftPackageReference "ios-ota-updater" */,
			);
			preferredProjectObjectVersion = 77;
			productRefGroup = D537E3F93056C0500052A87C /* Products */;
			projectDirPath = "";
			projectRoot = "";
			targets = (
				D537E3F73056C0500052A87C /* VUnder */,
				D537E40D3056C0520052A87C /* VUnderTests */,
				D537E4173056C0520052A87C /* VUnderUITests */,
			);
		};
/* End PBXProject section */

/* Begin PBXResourcesBuildPhase section */
		D537E3F63056C0500052A87C /* Resources */ = {
			isa = PBXResourcesBuildPhase;
			buildActionMask = 2147483647;
			files = (
			);
			runOnlyForDeploymentPostprocessing = 0;
		};
		D537E40C3056C0520052A87C /* Resources */ = {
			isa = PBXResourcesBuildPhase;
			buildActionMask = 2147483647;
			files = (
			);
			runOnlyForDeploymentPostprocessing = 0;
		};
		D537E4163056C0520052A87C /* Resources */ = {
			isa = PBXResourcesBuildPhase;
			buildActionMask = 2147483647;
			files = (
			);
			runOnlyForDeploymentPostprocessing = 0;
		};
/* End PBXResourcesBuildPhase section */

/* Begin PBXShellScriptBuildPhase section */
		A1B2C3D4E5F6000000000401 /* Version from git */ = {
			isa = PBXShellScriptBuildPhase;
			alwaysOutOfDate = 1;
			buildActionMask = 2147483647;
			files = (
			);
			inputFileListPaths = (
			);
			inputPaths = (
				"$(TARGET_BUILD_DIR)/$(INFOPLIST_PATH)",
			);
			name = "Version from git";
			outputFileListPaths = (
			);
			outputPaths = (
			);
			runOnlyForDeploymentPostprocessing = 0;
			shellPath = /bin/sh;
			shellScript = "python3 \"$SRCROOT/scripts/git_version.py\"\n";
		};
/* End PBXShellScriptBuildPhase section */

/* Begin PBXSourcesBuildPhase section */
		D537E3F43056C0500052A87C /* Sources */ = {
			isa = PBXSourcesBuildPhase;
			buildActionMask = 2147483647;
			files = (
			);
			runOnlyForDeploymentPostprocessing = 0;
		};
		D537E40A3056C0520052A87C /* Sources */ = {
			isa = PBXSourcesBuildPhase;
			buildActionMask = 2147483647;
			files = (
			);
			runOnlyForDeploymentPostprocessing = 0;
		};
		D537E4143056C0520052A87C /* Sources */ = {
			isa = PBXSourcesBuildPhase;
			buildActionMask = 2147483647;
			files = (
			);
			runOnlyForDeploymentPostprocessing = 0;
		};
/* End PBXSourcesBuildPhase section */

/* Begin PBXTargetDependency section */
		D537E4103056C0520052A87C /* PBXTargetDependency */ = {
			isa = PBXTargetDependency;
			target = D537E3F73056C0500052A87C /* VUnder */;
			targetProxy = D537E40F3056C0520052A87C /* PBXContainerItemProxy */;
		};
		D537E41A3056C0520052A87C /* PBXTargetDependency */ = {
			isa = PBXTargetDependency;
			target = D537E3F73056C0500052A87C /* VUnder */;
			targetProxy = D537E4193056C0520052A87C /* PBXContainerItemProxy */;
		};
/* End PBXTargetDependency section */

/* Begin XCBuildConfiguration section */
		D537E4223056C0520052A87C /* Debug */ = {
			isa = XCBuildConfiguration;
			buildSettings = {
				ASSETCATALOG_COMPILER_APPICON_NAME = AppIcon;
				ASSETCATALOG_COMPILER_GLOBAL_ACCENT_COLOR_NAME = AccentColor;
				CODE_SIGN_IDENTITY = "$(VUNDER_SIGN_IDENTITY:default=Apple Development)";
				CODE_SIGN_STYLE = Manual;
				DEVELOPMENT_TEAM = "$(VUNDER_TEAM)";
				ENABLE_USER_SCRIPT_SANDBOXING = NO;
				GENERATE_INFOPLIST_FILE = YES;
				INFOPLIST_FILE = VUnder/App/Info.plist;
				INFOPLIST_KEY_UIApplicationSupportsIndirectInputEvents = YES;
				INFOPLIST_KEY_UILaunchScreen_Generation = YES;
				INFOPLIST_KEY_UISupportedInterfaceOrientations_iPad = "UIInterfaceOrientationPortrait UIInterfaceOrientationPortraitUpsideDown UIInterfaceOrientationLandscapeLeft UIInterfaceOrientationLandscapeRight";
				INFOPLIST_KEY_UISupportedInterfaceOrientations_iPhone = "UIInterfaceOrientationPortrait UIInterfaceOrientationLandscapeLeft UIInterfaceOrientationLandscapeRight";
				IPHONEOS_DEPLOYMENT_TARGET = 15.0;
				LD_RUNPATH_SEARCH_PATHS = (
					"$(inherited)",
					"@executable_path/Frameworks",
				);
				PRODUCT_BUNDLE_IDENTIFIER = com.drunkbatya.VUnder;
				PRODUCT_NAME = "$(TARGET_NAME)";
				PROVISIONING_PROFILE_SPECIFIER = "$(VUNDER_PROFILE)";
				STRING_CATALOG_GENERATE_SYMBOLS = YES;
				SUPPORTED_PLATFORMS = "iphoneos iphonesimulator";
				SUPPORTS_MACCATALYST = NO;
				SUPPORTS_MAC_DESIGNED_FOR_IPHONE_IPAD = NO;
				SUPPORTS_XR_DESIGNED_FOR_IPHONE_IPAD = NO;
				SWIFT_APPROACHABLE_CONCURRENCY = YES;
				SWIFT_DEFAULT_ACTOR_ISOLATION = nonisolated;
				SWIFT_EMIT_LOC_STRINGS = YES;
				SWIFT_UPCOMING_FEATURE_MEMBER_IMPORT_VISIBILITY = YES;
				SWIFT_VERSION = 5.0;
				TARGETED_DEVICE_FAMILY = "1,2";
			};
			name = Debug;
		};
		D537E4233056C0520052A87C /* Release */ = {
			isa = XCBuildConfiguration;
			buildSettings = {
				ASSETCATALOG_COMPILER_APPICON_NAME = AppIcon;
				ASSETCATALOG_COMPILER_GLOBAL_ACCENT_COLOR_NAME = AccentColor;
				CODE_SIGN_IDENTITY = "$(VUNDER_SIGN_IDENTITY:default=Apple Development)";
				CODE_SIGN_STYLE = Manual;
				DEVELOPMENT_TEAM = "$(VUNDER_TEAM)";
				ENABLE_USER_SCRIPT_SANDBOXING = NO;
				GENERATE_INFOPLIST_FILE = YES;
				INFOPLIST_FILE = VUnder/App/Info.plist;
				INFOPLIST_KEY_UIApplicationSupportsIndirectInputEvents = YES;
				INFOPLIST_KEY_UILaunchScreen_Generation = YES;
				INFOPLIST_KEY_UISupportedInterfaceOrientations_iPad = "UIInterfaceOrientationPortrait UIInterfaceOrientationPortraitUpsideDown UIInterfaceOrientationLandscapeLeft UIInterfaceOrientationLandscapeRight";
				INFOPLIST_KEY_UISupportedInterfaceOrientations_iPhone = "UIInterfaceOrientationPortrait UIInterfaceOrientationLandscapeLeft UIInterfaceOrientationLandscapeRight";
				IPHONEOS_DEPLOYMENT_TARGET = 15.0;
				LD_RUNPATH_SEARCH_PATHS = (
					"$(inherited)",
					"@executable_path/Frameworks",
				);
				PRODUCT_BUNDLE_IDENTIFIER = com.drunkbatya.VUnder;
				PRODUCT_NAME = "$(TARGET_NAME)";
				PROVISIONING_PROFILE_SPECIFIER = "$(VUNDER_PROFILE)";
				STRING_CATALOG_GENERATE_SYMBOLS = YES;
				SUPPORTED_PLATFORMS = "iphoneos iphonesimulator";
				SUPPORTS_MACCATALYST = NO;
				SUPPORTS_MAC_DESIGNED_FOR_IPHONE_IPAD = NO;
				SUPPORTS_XR_DESIGNED_FOR_IPHONE_IPAD = NO;
				SWIFT_APPROACHABLE_CONCURRENCY = YES;
				SWIFT_DEFAULT_ACTOR_ISOLATION = nonisolated;
				SWIFT_EMIT_LOC_STRINGS = YES;
				SWIFT_UPCOMING_FEATURE_MEMBER_IMPORT_VISIBILITY = YES;
				SWIFT_VERSION = 5.0;
				TARGETED_DEVICE_FAMILY = "1,2";
			};
			name = Release;
		};
		D537E4243056C0520052A87C /* Debug */ = {
			isa = XCBuildConfiguration;
			buildSettings = {
				ALWAYS_SEARCH_USER_PATHS = NO;
				ASSETCATALOG_COMPILER_GENERATE_SWIFT_ASSET_SYMBOL_EXTENSIONS = YES;
				CLANG_ANALYZER_NONNULL = YES;
				CLANG_ANALYZER_NUMBER_OBJECT_CONVERSION = YES_AGGRESSIVE;
				CLANG_CXX_LANGUAGE_STANDARD = "gnu++20";
				CLANG_ENABLE_MODULES = YES;
				CLANG_ENABLE_OBJC_ARC = YES;
				CLANG_ENABLE_OBJC_WEAK = YES;
				CLANG_WARN_BLOCK_CAPTURE_AUTORELEASING = YES;
				CLANG_WARN_BOOL_CONVERSION = YES;
				CLANG_WARN_COMMA = YES;
				CLANG_WARN_CONSTANT_CONVERSION = YES;
				CLANG_WARN_DEPRECATED_OBJC_IMPLEMENTATIONS = YES;
				CLANG_WARN_DIRECT_OBJC_ISA_USAGE = YES_ERROR;
				CLANG_WARN_DOCUMENTATION_COMMENTS = YES;
				CLANG_WARN_EMPTY_BODY = YES;
				CLANG_WARN_ENUM_CONVERSION = YES;
				CLANG_WARN_INFINITE_RECURSION = YES;
				CLANG_WARN_INT_CONVERSION = YES;
				CLANG_WARN_NON_LITERAL_NULL_CONVERSION = YES;
				CLANG_WARN_OBJC_IMPLICIT_RETAIN_SELF = YES;
				CLANG_WARN_OBJC_LITERAL_CONVERSION = YES;
				CLANG_WARN_OBJC_ROOT_CLASS = YES_ERROR;
				CLANG_WARN_QUOTED_INCLUDE_IN_FRAMEWORK_HEADER = YES;
				CLANG_WARN_RANGE_LOOP_ANALYSIS = YES;
				CLANG_WARN_STRICT_PROTOTYPES = YES;
				CLANG_WARN_SUSPICIOUS_MOVE = YES;
				CLANG_WARN_UNGUARDED_AVAILABILITY = YES_AGGRESSIVE;
				CLANG_WARN_UNREACHABLE_CODE = YES;
				CLANG_WARN__DUPLICATE_METHOD_MATCH = YES;
				COPY_PHASE_STRIP = NO;
				DEBUG_INFORMATION_FORMAT = dwarf;
				ENABLE_STRICT_OBJC_MSGSEND = YES;
				ENABLE_TESTABILITY = YES;
				ENABLE_USER_SCRIPT_SANDBOXING = YES;
				GCC_C_LANGUAGE_STANDARD = gnu17;
				GCC_DYNAMIC_NO_PIC = NO;
				GCC_NO_COMMON_BLOCKS = YES;
				GCC_OPTIMIZATION_LEVEL = 0;
				GCC_PREPROCESSOR_DEFINITIONS = (
					"DEBUG=1",
					"$(inherited)",
				);
				GCC_WARN_64_TO_32_BIT_CONVERSION = YES;
				GCC_WARN_ABOUT_RETURN_TYPE = YES_ERROR;
				GCC_WARN_UNDECLARED_SELECTOR = YES;
				GCC_WARN_UNINITIALIZED_AUTOS = YES_AGGRESSIVE;
				GCC_WARN_UNUSED_FUNCTION = YES;
				GCC_WARN_UNUSED_VARIABLE = YES;
				IPHONEOS_DEPLOYMENT_TARGET = 15.0;
				LOCALIZATION_PREFERS_STRING_CATALOGS = YES;
				MTL_ENABLE_DEBUG_INFO = INCLUDE_SOURCE;
				MTL_FAST_MATH = YES;
				ONLY_ACTIVE_ARCH = YES;
				SDKROOT = iphoneos;
				SWIFT_ACTIVE_COMPILATION_CONDITIONS = "DEBUG $(inherited)";
				SWIFT_OPTIMIZATION_LEVEL = "-Onone";
			};
			name = Debug;
		};
		D537E4253056C0520052A87C /* Release */ = {
			isa = XCBuildConfiguration;
			buildSettings = {
				ALWAYS_SEARCH_USER_PATHS = NO;
				ASSETCATALOG_COMPILER_GENERATE_SWIFT_ASSET_SYMBOL_EXTENSIONS = YES;
				CLANG_ANALYZER_NONNULL = YES;
				CLANG_ANALYZER_NUMBER_OBJECT_CONVERSION = YES_AGGRESSIVE;
				CLANG_CXX_LANGUAGE_STANDARD = "gnu++20";
				CLANG_ENABLE_MODULES = YES;
				CLANG_ENABLE_OBJC_ARC = YES;
				CLANG_ENABLE_OBJC_WEAK = YES;
				CLANG_WARN_BLOCK_CAPTURE_AUTORELEASING = YES;
				CLANG_WARN_BOOL_CONVERSION = YES;
				CLANG_WARN_COMMA = YES;
				CLANG_WARN_CONSTANT_CONVERSION = YES;
				CLANG_WARN_DEPRECATED_OBJC_IMPLEMENTATIONS = YES;
				CLANG_WARN_DIRECT_OBJC_ISA_USAGE = YES_ERROR;
				CLANG_WARN_DOCUMENTATION_COMMENTS = YES;
				CLANG_WARN_EMPTY_BODY = YES;
				CLANG_WARN_ENUM_CONVERSION = YES;
				CLANG_WARN_INFINITE_RECURSION = YES;
				CLANG_WARN_INT_CONVERSION = YES;
				CLANG_WARN_NON_LITERAL_NULL_CONVERSION = YES;
				CLANG_WARN_OBJC_IMPLICIT_RETAIN_SELF = YES;
				CLANG_WARN_OBJC_LITERAL_CONVERSION = YES;
				CLANG_WARN_OBJC_ROOT_CLASS = YES_ERROR;
				CLANG_WARN_QUOTED_INCLUDE_IN_FRAMEWORK_HEADER = YES;
				CLANG_WARN_RANGE_LOOP_ANALYSIS = YES;
				CLANG_WARN_STRICT_PROTOTYPES = YES;
				CLANG_WARN_SUSPICIOUS_MOVE = YES;
				CLANG_WARN_UNGUARDED_AVAILABILITY = YES_AGGRESSIVE;
				CLANG_WARN_UNREACHABLE_CODE = YES;
				CLANG_WARN__DUPLICATE_METHOD_MATCH = YES;
				COPY_PHASE_STRIP = NO;
				DEBUG_INFORMATION_FORMAT = "dwarf-with-dsym";
				ENABLE_NS_ASSERTIONS = NO;
				ENABLE_STRICT_OBJC_MSGSEND = YES;
				ENABLE_USER_SCRIPT_SANDBOXING = YES;
				GCC_C_LANGUAGE_STANDARD = gnu17;
				GCC_NO_COMMON_BLOCKS = YES;
				GCC_WARN_64_TO_32_BIT_CONVERSION = YES;
				GCC_WARN_ABOUT_RETURN_TYPE = YES_ERROR;
				GCC_WARN_UNDECLARED_SELECTOR = YES;
				GCC_WARN_UNINITIALIZED_AUTOS = YES_AGGRESSIVE;
				GCC_WARN_UNUSED_FUNCTION = YES;
				GCC_WARN_UNUSED_VARIABLE = YES;
				IPHONEOS_DEPLOYMENT_TARGET = 15.0;
				LOCALIZATION_PREFERS_STRING_CATALOGS = YES;
				MTL_ENABLE_DEBUG_INFO = NO;
				MTL_FAST_MATH = YES;
				SDKROOT = iphoneos;
				SWIFT_COMPILATION_MODE = wholemodule;
				VALIDATE_PRODUCT = YES;
			};
			name = Release;
		};
		D537E4273056C0520052A87C /* Debug */ = {
			isa = XCBuildConfiguration;
			buildSettings = {
				BUNDLE_LOADER = "$(TEST_HOST)";
				CODE_SIGN_STYLE = Automatic;
				CURRENT_PROJECT_VERSION = 1;
				GENERATE_INFOPLIST_FILE = YES;
				IPHONEOS_DEPLOYMENT_TARGET = 15.0;
				MARKETING_VERSION = 1.0.0;
				PRODUCT_BUNDLE_IDENTIFIER = com.drunkbatya.VUnderTests;
				PRODUCT_NAME = "$(TARGET_NAME)";
				STRING_CATALOG_GENERATE_SYMBOLS = NO;
				SWIFT_APPROACHABLE_CONCURRENCY = YES;
				SWIFT_EMIT_LOC_STRINGS = NO;
				SWIFT_UPCOMING_FEATURE_MEMBER_IMPORT_VISIBILITY = YES;
				SWIFT_VERSION = 5.0;
				TARGETED_DEVICE_FAMILY = "1,2";
				TEST_HOST = "$(BUILT_PRODUCTS_DIR)/VUnder.app/$(BUNDLE_EXECUTABLE_FOLDER_PATH)/VUnder";
			};
			name = Debug;
		};
		D537E4283056C0520052A87C /* Release */ = {
			isa = XCBuildConfiguration;
			buildSettings = {
				BUNDLE_LOADER = "$(TEST_HOST)";
				CODE_SIGN_STYLE = Automatic;
				CURRENT_PROJECT_VERSION = 1;
				GENERATE_INFOPLIST_FILE = YES;
				IPHONEOS_DEPLOYMENT_TARGET = 15.0;
				MARKETING_VERSION = 1.0.0;
				PRODUCT_BUNDLE_IDENTIFIER = com.drunkbatya.VUnderTests;
				PRODUCT_NAME = "$(TARGET_NAME)";
				STRING_CATALOG_GENERATE_SYMBOLS = NO;
				SWIFT_APPROACHABLE_CONCURRENCY = YES;
				SWIFT_EMIT_LOC_STRINGS = NO;
				SWIFT_UPCOMING_FEATURE_MEMBER_IMPORT_VISIBILITY = YES;
				SWIFT_VERSION = 5.0;
				TARGETED_DEVICE_FAMILY = "1,2";
				TEST_HOST = "$(BUILT_PRODUCTS_DIR)/VUnder.app/$(BUNDLE_EXECUTABLE_FOLDER_PATH)/VUnder";
			};
			name = Release;
		};
		D537E42A3056C0520052A87C /* Debug */ = {
			isa = XCBuildConfiguration;
			buildSettings = {
				CODE_SIGN_STYLE = Automatic;
				CURRENT_PROJECT_VERSION = 1;
				GENERATE_INFOPLIST_FILE = YES;
				MARKETING_VERSION = 1.0.0;
				PRODUCT_BUNDLE_IDENTIFIER = com.drunkbatya.VUnderUITests;
				PRODUCT_NAME = "$(TARGET_NAME)";
				STRING_CATALOG_GENERATE_SYMBOLS = NO;
				SWIFT_APPROACHABLE_CONCURRENCY = YES;
				SWIFT_EMIT_LOC_STRINGS = NO;
				SWIFT_UPCOMING_FEATURE_MEMBER_IMPORT_VISIBILITY = YES;
				SWIFT_VERSION = 5.0;
				TARGETED_DEVICE_FAMILY = "1,2";
				TEST_TARGET_NAME = VUnder;
			};
			name = Debug;
		};
		D537E42B3056C0520052A87C /* Release */ = {
			isa = XCBuildConfiguration;
			buildSettings = {
				CODE_SIGN_STYLE = Automatic;
				CURRENT_PROJECT_VERSION = 1;
				GENERATE_INFOPLIST_FILE = YES;
				MARKETING_VERSION = 1.0.0;
				PRODUCT_BUNDLE_IDENTIFIER = com.drunkbatya.VUnderUITests;
				PRODUCT_NAME = "$(TARGET_NAME)";
				STRING_CATALOG_GENERATE_SYMBOLS = NO;
				SWIFT_APPROACHABLE_CONCURRENCY = YES;
				SWIFT_EMIT_LOC_STRINGS = NO;
				SWIFT_UPCOMING_FEATURE_MEMBER_IMPORT_VISIBILITY = YES;
				SWIFT_VERSION = 5.0;
				TARGETED_DEVICE_FAMILY = "1,2";
				TEST_TARGET_NAME = VUnder;
			};
			name = Release;
		};
/* End XCBuildConfiguration section */

/* Begin XCConfigurationList section */
		D537E3F33056C0500052A87C /* Build configuration list for PBXProject "VUnder" */ = {
			isa = XCConfigurationList;
			buildConfigurations = (
				D537E4243056C0520052A87C /* Debug */,
				D537E4253056C0520052A87C /* Release */,
			);
			defaultConfigurationIsVisible = 0;
			defaultConfigurationName = Release;
		};
		D537E4213056C0520052A87C /* Build configuration list for PBXNativeTarget "VUnder" */ = {
			isa = XCConfigurationList;
			buildConfigurations = (
				D537E4223056C0520052A87C /* Debug */,
				D537E4233056C0520052A87C /* Release */,
			);
			defaultConfigurationIsVisible = 0;
			defaultConfigurationName = Release;
		};
		D537E4263056C0520052A87C /* Build configuration list for PBXNativeTarget "VUnderTests" */ = {
			isa = XCConfigurationList;
			buildConfigurations = (
				D537E4273056C0520052A87C /* Debug */,
				D537E4283056C0520052A87C /* Release */,
			);
			defaultConfigurationIsVisible = 0;
			defaultConfigurationName = Release;
		};
		D537E4293056C0520052A87C /* Build configuration list for PBXNativeTarget "VUnderUITests" */ = {
			isa = XCConfigurationList;
			buildConfigurations = (
				D537E42A3056C0520052A87C /* Debug */,
				D537E42B3056C0520052A87C /* Release */,
			);
			defaultConfigurationIsVisible = 0;
			defaultConfigurationName = Release;
		};
/* End XCConfigurationList section */

/* Begin XCRemoteSwiftPackageReference section */
		A1B2C3D4E5F6000000000301 /* XCRemoteSwiftPackageReference "KeychainAccess" */ = {
			isa = XCRemoteSwiftPackageReference;
			repositoryURL = "https://github.com/kishikawakatsumi/KeychainAccess";
			requirement = {
				kind = upToNextMajorVersion;
				minimumVersion = 4.2.2;
			};
		};
		A1B2C3D4E5F6000000000302 /* XCRemoteSwiftPackageReference "GRDB.swift" */ = {
			isa = XCRemoteSwiftPackageReference;
			repositoryURL = "https://github.com/groue/GRDB.swift";
			requirement = {
				kind = upToNextMajorVersion;
				minimumVersion = 7.0.0;
			};
		};
		A1B2C3D4E5F6000000000303 /* XCRemoteSwiftPackageReference "ios-ota-updater" */ = {
			isa = XCRemoteSwiftPackageReference;
			repositoryURL = "https://github.com/drunkbatya/ios-ota-updater";
			requirement = {
				kind = upToNextMajorVersion;
				minimumVersion = 1.0.0;
			};
		};
/* End XCRemoteSwiftPackageReference section */

/* Begin XCSwiftPackageProductDependency section */
		A1B2C3D4E5F6000000000201 /* KeychainAccess */ = {
			isa = XCSwiftPackageProductDependency;
			package = A1B2C3D4E5F6000000000301 /* XCRemoteSwiftPackageReference "KeychainAccess" */;
			productName = KeychainAccess;
		};
		A1B2C3D4E5F6000000000202 /* GRDB */ = {
			isa = XCSwiftPackageProductDependency;
			package = A1B2C3D4E5F6000000000302 /* XCRemoteSwiftPackageReference "GRDB.swift" */;
			productName = GRDB;
		};
		A1B2C3D4E5F6000000000203 /* OTAUpdater */ = {
			isa = XCSwiftPackageProductDependency;
			package = A1B2C3D4E5F6000000000303 /* XCRemoteSwiftPackageReference "ios-ota-updater" */;
			productName = OTAUpdater;
		};
/* End XCSwiftPackageProductDependency section */
	};
	rootObject = D537E3F03056C0500052A87C /* Project object */;
}
